
Microsoft Visual Studio Solution File, Format Version 12.00
# Visual Studio Version 16
VisualStudioVersion = 16.0.29001.49
MinimumVisualStudioVersion = 10.0.40219.1
Project("{FAE04EC0-301F-11D3-BF4B-00C04F79EFBC}") = "Numbers", "Numbers\Numbers.csproj", "{0F55250C-94C2-4636-92F4-AC30EE6AE873}"
EndProject
Global
	GlobalSection(SolutionConfigurationPlatforms) = preSolution
		Debug|Any CPU = Debug|Any CPU
		Release|Any CPU = Release|Any CPU
	EndGlobalSection
	GlobalSection(ProjectConfigurationPlatforms) = postSolution
		{0F55250C-94C2-4636-92F4-AC30EE6AE873}.Debug|Any CPU.ActiveCfg = Debug|Any CPU
		{0F55250C-94C2-4636-92F4-AC30EE6AE873}.Debug|Any CPU.Build.0 = Debug|Any CPU
		{0F55250C-94C2-4636-92F4-AC30EE6AE873}.Release|Any CPU.ActiveCfg = Release|Any CPU
		{0F55250C-94C2-4636-92F4-AC30EE6AE873}.Release|Any CPU.Build.0 = Release|Any CPU
	EndGlobalSection
	GlobalSection(SolutionProperties) = preSolution
		HideSolutionNode = FALSE
	EndGlobalSection
	GlobalSection(ExtensibilityGlobals) = postSolution
		SolutionGuid = {7D2CE4D9-B745-4FC5-B8DB-4DD57DE5FB96}
	EndGlobalSection
EndGlobal
